PODS:
  - Alamofire (4.5.0)
  - AuthorizeNetAccept (0.3.0)
  - Bolts (1.9.0):
    - Bolts/AppLinks (= 1.9.0)
    - Bolts/Tasks (= 1.9.0)
  - Bolts/AppLinks (1.9.0):
    - Bolts/Tasks
  - Bolts/Tasks (1.9.0)
  - Cosmos (15.0.0)
  - CountryList (1.1)
  - CryptoSwift (0.9.0)
  - FacebookCore (0.6.0):
    - Bolts (~> 1.9)
    - FBSDKCoreKit (~> 4.43)
  - FacebookLogin (0.6.0):
    - Bolts (~> 1.9)
    - FacebookCore (~> 0.5)
    - FBSDKCoreKit (~> 4.43)
    - FBSDKLoginKit (~> 4.43)
  - FBSDKCoreKit (4.44.1):
    - Bolts (~> 1.9)
  - FBSDKLoginKit (4.44.1):
    - FBSDKCoreKit
  - Firebase/Auth (5.20.2):
    - Firebase/CoreOnly
    - FirebaseAuth (= 5.4.2)
  - Firebase/CoreOnly (5.20.2):
    - FirebaseCore (= 5.4.1)
  - Firebase/Messaging (5.20.2):
    - Firebase/CoreOnly
    - FirebaseMessaging (= 3.5.0)
  - FirebaseAnalyticsInterop (1.2.0)
  - FirebaseAuth (5.4.2):
    - FirebaseAuthInterop (~> 1.0)
    - FirebaseCore (~> 5.2)
    - GoogleUtilities/Environment (~> 5.2)
    - GTMSessionFetcher/Core (~> 1.1)
  - FirebaseAuthInterop (1.0.0)
  - FirebaseCore (5.4.1):
    - GoogleUtilities/Environment (~> 5.2)
    - GoogleUtilities/Logger (~> 5.2)
  - FirebaseInstanceID (3.8.1):
    - FirebaseCore (~> 5.2)
    - GoogleUtilities/Environment (~> 5.2)
    - GoogleUtilities/UserDefaults (~> 5.2)
  - FirebaseMessaging (3.5.0):
    - FirebaseAnalyticsInterop (~> 1.1)
    - FirebaseCore (~> 5.2)
    - FirebaseInstanceID (~> 3.6)
    - GoogleUtilities/Environment (~> 5.3)
    - GoogleUtilities/Reachability (~> 5.3)
    - GoogleUtilities/UserDefaults (~> 5.3)
    - Protobuf (~> 3.1)
  - GoogleMaps (3.0.3):
    - GoogleMaps/Maps (= 3.0.3)
  - GoogleMaps/Base (3.0.3)
  - GoogleMaps/Maps (3.0.3):
    - GoogleMaps/Base
  - GooglePlaces (3.0.3):
    - GoogleMaps/Base (= 3.0.3)
  - GoogleUtilities/Environment (5.7.0)
  - GoogleUtilities/Logger (5.7.0):
    - GoogleUtilities/Environment
  - GoogleUtilities/Reachability (5.7.0):
    - GoogleUtilities/Logger
  - GoogleUtilities/UserDefaults (5.7.0):
    - GoogleUtilities/Logger
  - GTMSessionFetcher/Core (1.2.1)
  - Protobuf (3.7.0)
  - PusherSwift (6.1.0):
    - CryptoSwift (~> 0.9.0)
    - ReachabilitySwift (~> 4.1.0)
    - Starscream (~> 3.0.5)
    - TaskQueue (~> 1.1.1)
  - ReachabilitySwift (4.1.0)
  - SDWebImage (5.0.1):
    - SDWebImage/Core (= 5.0.1)
  - SDWebImage/Core (5.0.1)
  - SideMenu (5.0.1)
  - Starscream (3.0.6)
  - SwiftyJSON (4.3.0)
  - TaskQueue (1.1.1)
  - TwilioVideo (2.0.0-beta3)
  - XLPagerTabStrip (8.1.0)

DEPENDENCIES:
  - Alamofire (= 4.5.0)
  - AuthorizeNetAccept (= 0.3.0)
  - Cosmos (~> 15.0)
  - CountryList
  - FacebookLogin
  - Firebase/Auth
  - Firebase/Messaging
  - GoogleMaps
  - GooglePlaces
  - PusherSwift
  - SDWebImage
  - SideMenu
  - SwiftyJSON
  - TwilioVideo (= 2.0.0-beta3)
  - XLPagerTabStrip (~> 8.0)

SPEC REPOS:
  https://github.com/cocoapods/specs.git:
    - Alamofire
    - AuthorizeNetAccept
    - Bolts
    - Cosmos
    - CountryList
    - CryptoSwift
    - FacebookCore
    - FacebookLogin
    - FBSDKCoreKit
    - FBSDKLoginKit
    - Firebase
    - FirebaseAnalyticsInterop
    - FirebaseAuth
    - FirebaseAuthInterop
    - FirebaseCore
    - FirebaseInstanceID
    - FirebaseMessaging
    - GoogleMaps
    - GooglePlaces
    - GoogleUtilities
    - GTMSessionFetcher
    - Protobuf
    - PusherSwift
    - ReachabilitySwift
    - SDWebImage
    - SideMenu
    - Starscream
    - SwiftyJSON
    - TaskQueue
    - TwilioVideo
    - XLPagerTabStrip

SPEC CHECKSUMS:
  Alamofire: f28cdffd29de33a7bfa022cbd63ae95a27fae140
  AuthorizeNetAccept: 77963526f1e15d2be30b771f1049ca09c6d11524
  Bolts: ac6567323eac61e203f6a9763667d0f711be34c8
  Cosmos: a6dbd3d0baa0cc8f51f8598f7508d5a09d0a9ade
  CountryList: ad58cd670c4ecab6bb014abebc12e63f619174b2
  CryptoSwift: bca8c5b653dcc2d9734409242a070ff53bafac86
  FacebookCore: 38cd3a4078738d6f648eb9b6b9d35b02d693e9a1
  FacebookLogin: 658b0569961a081a0890f5f4dbf69ced00657d9e
  FBSDKCoreKit: a823ae35bdb60ebb8d7a7e51abe7c5d87d2bfced
  FBSDKLoginKit: 54ae59987f2a8703021557c90a9aebb9e5c2bef6
  Firebase: 0c8cf33f266410c61ab3e2265cfa412200351d9c
  FirebaseAnalyticsInterop: efbe45c8385ec626e29f9525e5ebd38520dfb6c1
  FirebaseAuth: dd7bbf03a5aee0eafb3a1aee4d2812bd74bac890
  FirebaseAuthInterop: 0ffa57668be100582bb7643d4fcb7615496c41fc
  FirebaseCore: f1a9a8be1aee4bf71a2fc0f4096df6788bdfda61
  FirebaseInstanceID: a122b0c258720cf250551bb2bedf48c699f80d90
  FirebaseMessaging: 4235f949ce1c4e827aeb19705ba5c53f9b85aa10
  GoogleMaps: fd5c9fa58871781b9fb94d4936f19c69fe60ce32
  GooglePlaces: f09e76993c9c3ee4af8f4f7f535bb94d6aa3b649
  GoogleUtilities: 273e67030e0de313e7304f6dcfa96fc5214f6c23
  GTMSessionFetcher: 32aeca0aa144acea523e1c8e053089dec2cb98ca
  Protobuf: 7a877b7f3e5964e3fce995e2eb323dbc6831bb5a
  PusherSwift: 6f2535d616cf0d6867a58bee501999995ad37999
  ReachabilitySwift: 6849231cd4e06559f3b9ef4a97a0a0f96d41e09f
  SDWebImage: 27dd2c9ea07a2252f94557c9fbb6105ee94b74c9
  SideMenu: 87efd943737bb83aedf0358884d09fcf5576636d
  Starscream: ef3ece99d765eeccb67de105bfa143f929026cf5
  SwiftyJSON: 6faa0040f8b59dead0ee07436cbf76b73c08fd08
  TaskQueue: 53a3cdaf817d9ce3cd50837ff6610aeb7b968997
  TwilioVideo: 08cada2c04a7a908655fd80a1423a9c762344625
  XLPagerTabStrip: 22d4c58200d7c105e0e407ab6bfd01a5d85014be

PODFILE CHECKSUM: 946732d29f36a1212df53088f10fb31e8a3acdea

COCOAPODS: 1.6.1
